{
  "nodes": {
    "nixpkgs": {
      "locked": {
        "lastModified": 1774874788,
        "narHash": "sha256-L/L85/yJ7b8PE2Ikb0qaO2+WuI5eNlhLgzwP6BFt2iE=",
        "owner": "NixOS",
        "repo": "nixpkgs",
        "rev": "bfe4700e3f3934ccbeb998a9455e36f271e5ae34",
        "type": "github"
      },
      "original": {
        "owner": "NixOS",
        "repo": "nixpkgs",
        "type": "github"
      }
    },
    "plugins-lze": {
      "flake": false,
      "locked": {
        "lastModified": 1773555725,
        "narHash": "sha256-Ii/mrCHw8kw1IN0GIROm7O0NSz1jtDligb/qDNq1P3U=",
        "owner": "BirdeeHub",
        "repo": "lze",
        "rev": "1d05835370e841c1605ec88d0541195c9410c34e",
        "type": "github"
      },
      "original": {
        "owner": "BirdeeHub",
        "repo": "lze",
        "type": "github"
      }
    },
    "root": {
      "inputs": {
        "nixpkgs": "nixpkgs",
        "plugins-lze": "plugins-lze",
        "wrappers": "wrappers"
      }
    },
    "wrappers": {
      "inputs": {
        "nixpkgs": [
          "nixpkgs"
        ]
      },
      "locked": {
        "lastModified": 1773672691,
        "narHash": "sha256-syKMOE4f3G4vw1DjB6XtlxclVTr6F1AwUrh9QTjC6tM=",
        "owner": "BirdeeHub",
        "repo": "nix-wrapper-modules",
        "rev": "657df86611af8d0b56b8ff36268302771f0b9c0c",
        "type": "github"
      },
      "original": {
        "owner": "BirdeeHub",
        "repo": "nix-wrapper-modules",
        "type": "github"
      }
    }
  },
  "root": "root",
  "version": 7
}
