{
  "nodes": {
    "nixCats": {
      "locked": {
        "lastModified": 1737200564,
        "narHash": "sha256-lU59WUi3zxCJfbNt7xMRQR16LfJGcNHDDU/CtFQl2EQ=",
        "owner": "BirdeeHub",
        "repo": "nixCats-nvim",
        "rev": "60fe6f3ba2631c315910c9e411c3e5408175e840",
        "type": "github"
      },
      "original": {
        "owner": "BirdeeHub",
        "repo": "nixCats-nvim",
        "type": "github"
      }
    },
    "nixpkgs": {
      "locked": {
        "lastModified": 1737003892,
        "narHash": "sha256-RCzJE9wKByLCXmRBp+z8LK9EgdW+K+W/DXnJS4S/NVo=",
        "owner": "nixos",
        "repo": "nixpkgs",
        "rev": "ae06b9c2d83cb5c8b12d7d0e32692e93d1379713",
        "type": "github"
      },
      "original": {
        "owner": "nixos",
        "ref": "nixpkgs-unstable",
        "repo": "nixpkgs",
        "type": "github"
      }
    },
    "plugins-pretty_hover": {
      "flake": false,
      "locked": {
        "lastModified": 1736281484,
        "narHash": "sha256-Un0OUkYM73wgNd2GfDp128lIG3ugsZBIj2Psld1N6jI=",
        "owner": "Fildo7525",
        "repo": "pretty_hover",
        "rev": "d55017dd7cf2470c9f44401b31def2dd565b43a3",
        "type": "github"
      },
      "original": {
        "owner": "Fildo7525",
        "repo": "pretty_hover",
        "type": "github"
      }
    },
    "plugins-showkeys": {
      "flake": false,
      "locked": {
        "lastModified": 1735865298,
        "narHash": "sha256-a4ZMn3dmLLjuh1V6ASIN6uWWB9XRtjnoqj+2L8AIZys=",
        "owner": "nvzone",
        "repo": "showkeys",
        "rev": "891f95ef94ac80bc7690a0df09c6112b4b822cac",
        "type": "github"
      },
      "original": {
        "owner": "nvzone",
        "repo": "showkeys",
        "type": "github"
      }
    },
    "root": {
      "inputs": {
        "nixCats": "nixCats",
        "nixpkgs": "nixpkgs",
        "plugins-pretty_hover": "plugins-pretty_hover",
        "plugins-showkeys": "plugins-showkeys"
      }
    }
  },
  "root": "root",
  "version": 7
}
